
Microsoft Visual Studio Solution File, Format Version 12.00
Project("{FAE04EC0-301F-11D3-BF4B-00C04F79EFBC}") = "sfml-behavior-tree", "sfml-behavior-tree\sfml-behavior-tree.csproj", "{4C423BB2-0309-499E-9045-AA69EE1DD09D}"
EndProject
Global
	GlobalSection(SolutionConfigurationPlatforms) = preSolution
		Debug|Any CPU = Debug|Any CPU
		Release|Any CPU = Release|Any CPU
	EndGlobalSection
	GlobalSection(ProjectConfigurationPlatforms) = postSolution
		{4C423BB2-0309-499E-9045-AA69EE1DD09D}.Debug|Any CPU.ActiveCfg = Debug|Any CPU
		{4C423BB2-0309-499E-9045-AA69EE1DD09D}.Debug|Any CPU.Build.0 = Debug|Any CPU
		{4C423BB2-0309-499E-9045-AA69EE1DD09D}.Release|Any CPU.ActiveCfg = Release|Any CPU
		{4C423BB2-0309-499E-9045-AA69EE1DD09D}.Release|Any CPU.Build.0 = Release|Any CPU
	EndGlobalSection
EndGlobal
